
Microsoft Visual Studio Solution File, Format Version 12.00
# Visual Studio Version 16
VisualStudioVersion = 16.0.29411.108
MinimumVisualStudioVersion = 10.0.40219.1
Project("{888888A0-9F3D-457C-B088-3A5042F75D52}") = "CNN Style Transfer", "CNN Style Transfer\CNN Style Transfer.pyproj", "{D11C3845-4F23-4CA0-B4B3-19BD3BB61066}"
EndProject
Global
	GlobalSection(SolutionConfigurationPlatforms) = preSolution
		Debug|Any CPU = Debug|Any CPU
		Debug|x64 = Debug|x64
		Release|Any CPU = Release|Any CPU
		Release|x64 = Release|x64
	EndGlobalSection
	GlobalSection(ProjectConfigurationPlatforms) = postSolution
		{D11C3845-4F23-4CA0-B4B3-19BD3BB61066}.Debug|Any CPU.ActiveCfg = Debug|Any CPU
		{D11C3845-4F23-4CA0-B4B3-19BD3BB61066}.Debug|x64.ActiveCfg = Debug|Any CPU
		{D11C3845-4F23-4CA0-B4B3-19BD3BB61066}.Release|Any CPU.ActiveCfg = Release|Any CPU
		{D11C3845-4F23-4CA0-B4B3-19BD3BB61066}.Release|x64.ActiveCfg = Release|Any CPU
	EndGlobalSection
	GlobalSection(SolutionProperties) = preSolution
		HideSolutionNode = FALSE
	EndGlobalSection
	GlobalSection(ExtensibilityGlobals) = postSolution
		SolutionGuid = {EAEDE8C6-216F-467F-A8D0-816360F1FD00}
	EndGlobalSection
EndGlobal
